
Microsoft Visual Studio Solution File, Format Version 12.00
# Visual Studio Version 16
VisualStudioVersion = 16.0.30907.101
MinimumVisualStudioVersion = 10.0.40219.1
Project("{FAE04EC0-301F-11D3-BF4B-00C04F79EFBC}") = "metodlar", "metodlar\metodlar.csproj", "{73EDFD99-F083-407D-A372-F2D5DD9D17C0}"
EndProject
Project("{FAE04EC0-301F-11D3-BF4B-00C04F79EFBC}") = "Matematik", "Matematik\Matematik.csproj", "{5E58DA07-1DBA-4DEB-B13E-BAA38438F66B}"
EndProject
Project("{FAE04EC0-301F-11D3-BF4B-00C04F79EFBC}") = "DegerVeReferansTipler", "DegerVeReferansTipler\DegerVeReferansTipler.csproj", "{3C33DC84-9CB2-44D0-A720-9A3D7B0E6234}"
EndProject
Global
	GlobalSection(SolutionConfigurationPlatforms) = preSolution
		Debug|Any CPU = Debug|Any CPU
		Release|Any CPU = Release|Any CPU
	EndGlobalSection
	GlobalSection(ProjectConfigurationPlatforms) = postSolution
		{73EDFD99-F083-407D-A372-F2D5DD9D17C0}.Debug|Any CPU.ActiveCfg = Debug|Any CPU
		{73EDFD99-F083-407D-A372-F2D5DD9D17C0}.Debug|Any CPU.Build.0 = Debug|Any CPU
		{73EDFD99-F083-407D-A372-F2D5DD9D17C0}.Release|Any CPU.ActiveCfg = Release|Any CPU
		{73EDFD99-F083-407D-A372-F2D5DD9D17C0}.Release|Any CPU.Build.0 = Release|Any CPU
		{5E58DA07-1DBA-4DEB-B13E-BAA38438F66B}.Debug|Any CPU.ActiveCfg = Debug|Any CPU
		{5E58DA07-1DBA-4DEB-B13E-BAA38438F66B}.Debug|Any CPU.Build.0 = Debug|Any CPU
		{5E58DA07-1DBA-4DEB-B13E-BAA38438F66B}.Release|Any CPU.ActiveCfg = Release|Any CPU
		{5E58DA07-1DBA-4DEB-B13E-BAA38438F66B}.Release|Any CPU.Build.0 = Release|Any CPU
		{3C33DC84-9CB2-44D0-A720-9A3D7B0E6234}.Debug|Any CPU.ActiveCfg = Debug|Any CPU
		{3C33DC84-9CB2-44D0-A720-9A3D7B0E6234}.Debug|Any CPU.Build.0 = Debug|Any CPU
		{3C33DC84-9CB2-44D0-A720-9A3D7B0E6234}.Release|Any CPU.ActiveCfg = Release|Any CPU
		{3C33DC84-9CB2-44D0-A720-9A3D7B0E6234}.Release|Any CPU.Build.0 = Release|Any CPU
	EndGlobalSection
	GlobalSection(SolutionProperties) = preSolution
		HideSolutionNode = FALSE
	EndGlobalSection
	GlobalSection(ExtensibilityGlobals) = postSolution
		SolutionGuid = {3771BBEB-9D77-4A57-8FC8-9111E817FC4D}
	EndGlobalSection
EndGlobal
